
Microsoft Visual Studio Solution File, Format Version 12.00
# Visual Studio Version 16
VisualStudioVersion = 16.0.29102.190
MinimumVisualStudioVersion = 10.0.40219.1
Project("{FAE04EC0-301F-11D3-BF4B-00C04F79EFBC}") = "S3Browser", "S3Browser.csproj", "{DEEF5935-3634-4DA3-A0A1-AB28B0FCED1B}"
EndProject
Global
	GlobalSection(SolutionConfigurationPlatforms) = preSolution
		Debug|Any CPU = Debug|Any CPU
		Release|Any CPU = Release|Any CPU
	EndGlobalSection
	GlobalSection(ProjectConfigurationPlatforms) = postSolution
		{DEEF5935-3634-4DA3-A0A1-AB28B0FCED1B}.Debug|Any CPU.ActiveCfg = Debug|Any CPU
		{DEEF5935-3634-4DA3-A0A1-AB28B0FCED1B}.Debug|Any CPU.Build.0 = Debug|Any CPU
		{DEEF5935-3634-4DA3-A0A1-AB28B0FCED1B}.Release|Any CPU.ActiveCfg = Release|Any CPU
		{DEEF5935-3634-4DA3-A0A1-AB28B0FCED1B}.Release|Any CPU.Build.0 = Release|Any CPU
	EndGlobalSection
	GlobalSection(SolutionProperties) = preSolution
		HideSolutionNode = FALSE
	EndGlobalSection
	GlobalSection(ExtensibilityGlobals) = postSolution
		SolutionGuid = {107E2DAC-4498-4E51-9C8F-04D49858C8AE}
	EndGlobalSection
EndGlobal
